


Microsoft Visual Studio Solution File, Format Version 12.00
# Visual Studio Version 17
VisualStudioVersion = 17.8.34316.72
MinimumVisualStudioVersion = 10.0.40219.1
Project("{8BC9CEB8-8B4A-11D0-8D11-00A0C91BC942}") = "OpenPS", "OpenPS\OpenPS.vcxproj", "{B9CC4D26-5424-43E9-A827-C9E1C86B9608}"
EndProject
Global
	GlobalSection(SolutionConfigurationPlatforms) = preSolution
		Debug|x64 = Debug|x64
		Debug|x86 = Debug|x86
		Release|x64 = Release|x64
		Release|x86 = Release|x86
	EndGlobalSection
	GlobalSection(ProjectConfigurationPlatforms) = postSolution
		{B9CC4D26-5424-43E9-A827-C9E1C86B9608}.Debug|x64.ActiveCfg = Debug|x64
		{B9CC4D26-5424-43E9-A827-C9E1C86B9608}.Debug|x64.Build.0 = Debug|x64
		{B9CC4D26-5424-43E9-A827-C9E1C86B9608}.Debug|x86.ActiveCfg = Debug|Win32
		{B9CC4D26-5424-43E9-A827-C9E1C86B9608}.Debug|x86.Build.0 = Debug|Win32
		{B9CC4D26-5424-43E9-A827-C9E1C86B9608}.Release|x64.ActiveCfg = Release|x64
		{B9CC4D26-5424-43E9-A827-C9E1C86B9608}.Release|x64.Build.0 = Release|x64
		{B9CC4D26-5424-43E9-A827-C9E1C86B9608}.Release|x86.ActiveCfg = Release|Win32
		{B9CC4D26-5424-43E9-A827-C9E1C86B9608}.Release|x86.Build.0 = Release|Win32
	EndGlobalSection
	GlobalSection(SolutionProperties) = preSolution
		HideSolutionNode = FALSE
	EndGlobalSection
	GlobalSection(ExtensibilityGlobals) = postSolution
		SolutionGuid = {0A776930-A6F8-47FC-AB0F-A60AD12D613E}
	EndGlobalSection
EndGlobal
