<?xml version="1.0" encoding="utf-8"?>
<Project ToolsVersion="4.0" xmlns="http://schemas.microsoft.com/developer/msbuild/2003">
  <ItemGroup>
    <Filter Include="headers">
      <UniqueIdentifier>{93995380-89BD-4b04-88EB-625FBE52EBFB}</UniqueIdentifier>
      <Extensions>h;hh;hpp;hxx;h++;hm;inl;inc;ipp;xsd</Extensions>
    </Filter>
    <Filter Include="sources">
      <UniqueIdentifier>{4FC737F1-C7A5-4376-A066-2A32D752A2FF}</UniqueIdentifier>
      <Extensions>cpp;c;cc;cxx;c++;cppm;ixx;def;odl;idl;hpj;bat;asm;asmx</Extensions>
    </Filter>
    <Filter Include="resources">
      <UniqueIdentifier>{67DA6AB6-F800-4c08-8B7A-83BB121AAD01}</UniqueIdentifier>
      <Extensions>rc;ico;cur;bmp;dlg;rc2;rct;bin;rgs;gif;jpg;jpeg;jpe;resx;tiff;tif;png;wav;mfcribbon-ms</Extensions>
    </Filter>
    <Filter Include="headers\memory">
      <UniqueIdentifier>{68199963-98a8-43e2-94ac-3e1d00f2cc21}</UniqueIdentifier>
    </Filter>
    <Filter Include="sources\memory">
      <UniqueIdentifier>{79d83a32-0d07-4903-95b7-bc2556846974}</UniqueIdentifier>
    </Filter>
    <Filter Include="headers\core">
      <UniqueIdentifier>{b1c76fbb-e4b6-4010-be48-248b0d802ae2}</UniqueIdentifier>
    </Filter>
    <Filter Include="sources\core">
      <UniqueIdentifier>{fe6150ad-849f-4c88-8bd4-bb23349058f7}</UniqueIdentifier>
    </Filter>
    <Filter Include="headers\ecs">
      <UniqueIdentifier>{792fc909-7592-42cf-9be7-02acf5e0f6f5}</UniqueIdentifier>
    </Filter>
    <Filter Include="sources\ecs">
      <UniqueIdentifier>{6ec2dda2-ee70-4f6c-b1c1-377174fe0ef1}</UniqueIdentifier>
    </Filter>
  </ItemGroup>
  <ItemGroup>
    <ClCompile Include="example.cpp">
      <Filter>sources</Filter>
    </ClCompile>
    <ClCompile Include="src\pch.cpp">
      <Filter>sources</Filter>
    </ClCompile>
    <ClCompile Include="src\memory\ememory.cpp">
      <Filter>sources\memory</Filter>
    </ClCompile>
    <ClCompile Include="src\core\px_wrappers.cpp">
      <Filter>sources\core</Filter>
    </ClCompile>
    <ClCompile Include="src\core\px_structs.cpp">
      <Filter>sources\core</Filter>
    </ClCompile>
    <ClCompile Include="src\ecs\px_rigidbody.cpp">
      <Filter>sources\ecs</Filter>
    </ClCompile>
    <ClCompile Include="src\core\px_physics.cpp">
      <Filter>sources\core</Filter>
    </ClCompile>
    <ClCompile Include="src\core\px_logger.cpp">
      <Filter>sources\core</Filter>
    </ClCompile>
    <ClCompile Include="src\ecs\px_colliders.cpp">
      <Filter>sources\ecs</Filter>
    </ClCompile>
    <ClCompile Include="src\core\px_tasks.cpp">
      <Filter>sources\core</Filter>
    </ClCompile>
    <ClCompile Include="src\core\px_aggregates.cpp">
      <Filter>sources\core</Filter>
    </ClCompile>
  </ItemGroup>
  <ItemGroup>
    <ClInclude Include="src\pch.h">
      <Filter>headers</Filter>
    </ClInclude>
    <ClInclude Include="include\openps\core\px_logger.h">
      <Filter>headers\core</Filter>
    </ClInclude>
    <ClInclude Include="include\openps\core\px_physics.h">
      <Filter>headers\core</Filter>
    </ClInclude>
    <ClInclude Include="include\openps\core\px_structs.h">
      <Filter>headers\core</Filter>
    </ClInclude>
    <ClInclude Include="include\openps\core\px_wrappers.h">
      <Filter>headers\core</Filter>
    </ClInclude>
    <ClInclude Include="include\openps\memory\ememory.h">
      <Filter>headers\memory</Filter>
    </ClInclude>
    <ClInclude Include="include\openps\ecs\px_rigidbody.h">
      <Filter>headers\ecs</Filter>
    </ClInclude>
    <ClInclude Include="include\openps\ecs\px_colliders.h">
      <Filter>headers\ecs</Filter>
    </ClInclude>
    <ClInclude Include="include\openps\core\px_tasks.h">
      <Filter>headers\core</Filter>
    </ClInclude>
    <ClInclude Include="include\openps\core\px_aggregates.h">
      <Filter>headers\core</Filter>
    </ClInclude>
  </ItemGroup>
</Project>